{
  "name": "my-app",
  "version": "0.1.0",
  "lockfileVersion": 1,
  "requires": true,
  "dependencies": {
    "eslint-plugin-jest": {
      "version": "21.18.0",
      "resolved": "https://registry.npmjs.org/eslint-plugin-jest/-/eslint-plugin-jest-21.18.0.tgz",
      "integrity": "sha512-fhuJuehoMtuEQ3Klgx0629hDmbs0M0g4tSZ65Wq2NqpLWCK5UC7hQnGS1Wh4+Vc/9P4ss4HxqZ1XK7honqUZNg==",
      "dev": true
    }
  }
}
